
Microsoft Visual Studio Solution File, Format Version 12.00
# Visual Studio Version 17
VisualStudioVersion = 17.13.35825.156 d17.13
MinimumVisualStudioVersion = 10.0.40219.1
Project("{FAE04EC0-301F-11D3-BF4B-00C04F79EFBC}") = "HabitManager", "HabitManager.csproj", "{7B9D388F-854A-72A1-E101-BBAEF5C9959C}"
EndProject
Project("{FAE04EC0-301F-11D3-BF4B-00C04F79EFBC}") = "HabitManager.Android", "..\HabitManager.Android\HabitManager.Android.csproj", "{C03842AB-F81F-2EB8-F96B-6CEF5ED35371}"
EndProject
Project("{FAE04EC0-301F-11D3-BF4B-00C04F79EFBC}") = "HabitManager.Browser", "..\HabitManager.Browser\HabitManager.Browser.csproj", "{1F9382CC-D085-C05B-0758-007579292ADE}"
EndProject
Project("{FAE04EC0-301F-11D3-BF4B-00C04F79EFBC}") = "HabitManager.Desktop", "..\HabitManager.Desktop\HabitManager.Desktop.csproj", "{C500CA17-8CD6-1B8C-E0C1-58A1CCDB4270}"
EndProject
Global
	GlobalSection(SolutionConfigurationPlatforms) = preSolution
		Debug|Any CPU = Debug|Any CPU
		Release|Any CPU = Release|Any CPU
	EndGlobalSection
	GlobalSection(ProjectConfigurationPlatforms) = postSolution
		{7B9D388F-854A-72A1-E101-BBAEF5C9959C}.Debug|Any CPU.ActiveCfg = Debug|Any CPU
		{7B9D388F-854A-72A1-E101-BBAEF5C9959C}.Debug|Any CPU.Build.0 = Debug|Any CPU
		{7B9D388F-854A-72A1-E101-BBAEF5C9959C}.Release|Any CPU.ActiveCfg = Release|Any CPU
		{7B9D388F-854A-72A1-E101-BBAEF5C9959C}.Release|Any CPU.Build.0 = Release|Any CPU
		{C03842AB-F81F-2EB8-F96B-6CEF5ED35371}.Debug|Any CPU.ActiveCfg = Debug|Any CPU
		{C03842AB-F81F-2EB8-F96B-6CEF5ED35371}.Debug|Any CPU.Build.0 = Debug|Any CPU
		{C03842AB-F81F-2EB8-F96B-6CEF5ED35371}.Debug|Any CPU.Deploy.0 = Debug|Any CPU
		{C03842AB-F81F-2EB8-F96B-6CEF5ED35371}.Release|Any CPU.ActiveCfg = Release|Any CPU
		{C03842AB-F81F-2EB8-F96B-6CEF5ED35371}.Release|Any CPU.Build.0 = Release|Any CPU
		{C03842AB-F81F-2EB8-F96B-6CEF5ED35371}.Release|Any CPU.Deploy.0 = Release|Any CPU
		{1F9382CC-D085-C05B-0758-007579292ADE}.Debug|Any CPU.ActiveCfg = Debug|Any CPU
		{1F9382CC-D085-C05B-0758-007579292ADE}.Debug|Any CPU.Build.0 = Debug|Any CPU
		{1F9382CC-D085-C05B-0758-007579292ADE}.Release|Any CPU.ActiveCfg = Release|Any CPU
		{1F9382CC-D085-C05B-0758-007579292ADE}.Release|Any CPU.Build.0 = Release|Any CPU
		{C500CA17-8CD6-1B8C-E0C1-58A1CCDB4270}.Debug|Any CPU.ActiveCfg = Debug|Any CPU
		{C500CA17-8CD6-1B8C-E0C1-58A1CCDB4270}.Debug|Any CPU.Build.0 = Debug|Any CPU
		{C500CA17-8CD6-1B8C-E0C1-58A1CCDB4270}.Release|Any CPU.ActiveCfg = Release|Any CPU
		{C500CA17-8CD6-1B8C-E0C1-58A1CCDB4270}.Release|Any CPU.Build.0 = Release|Any CPU
	EndGlobalSection
	GlobalSection(SolutionProperties) = preSolution
		HideSolutionNode = FALSE
	EndGlobalSection
	GlobalSection(ExtensibilityGlobals) = postSolution
		SolutionGuid = {95947BE5-5794-40DC-A7F4-5C5184171E57}
	EndGlobalSection
EndGlobal
